
Microsoft Visual Studio Solution File, Format Version 11.00
# Visual Studio 2010
Project("{FAE04EC0-301F-11D3-BF4B-00C04F79EFBC}") = "GIS.UI", "GIS.UI\GIS.UI.csproj", "{E098EF74-754C-4AB6-82A8-4D92713F489C}"
EndProject
Project("{FAE04EC0-301F-11D3-BF4B-00C04F79EFBC}") = "全球典型要素数据库增量更新系统", "全球典型要素数据库增量更新系统\全球典型要素数据库增量更新系统.csproj", "{037908BB-4E8D-4705-946F-1B522D676158}"
	ProjectSection(ProjectDependencies) = postProject
		{35184D32-CA28-452E-8F59-F08C88AD843C} = {35184D32-CA28-452E-8F59-F08C88AD843C}
		{0B14C763-A1C4-480B-B81A-506157ADFB0A} = {0B14C763-A1C4-480B-B81A-506157ADFB0A}
		{03767FB4-C1C4-489D-B113-E127E1214695} = {03767FB4-C1C4-489D-B113-E127E1214695}
		{91CEC9BF-462D-4B38-AA61-38F1F6F8FB72} = {91CEC9BF-462D-4B38-AA61-38F1F6F8FB72}
	EndProjectSection
EndProject
Project("{FAE04EC0-301F-11D3-BF4B-00C04F79EFBC}") = "GISEditor.EditorTool", "GISEditor.EditorTool\GISEditor.EditorTool.csproj", "{D1EC62A0-0601-440E-87BA-79CA0391F992}"
EndProject
Project("{FAE04EC0-301F-11D3-BF4B-00C04F79EFBC}") = "GIS.Core", "GIS.Core\GIS.Core.csproj", "{91CEC9BF-462D-4B38-AA61-38F1F6F8FB72}"
EndProject
Project("{FAE04EC0-301F-11D3-BF4B-00C04F79EFBC}") = "GIS.Increment", "GIS.Increment\GIS.Increment.csproj", "{0B14C763-A1C4-480B-B81A-506157ADFB0A}"
EndProject
Project("{FAE04EC0-301F-11D3-BF4B-00C04F79EFBC}") = "GIS.TreeIndex", "GIS.Index\GIS.TreeIndex.csproj", "{35184D32-CA28-452E-8F59-F08C88AD843C}"
EndProject
Project("{FAE04EC0-301F-11D3-BF4B-00C04F79EFBC}") = "GIS.Render", "GIS.Render\GIS.Render.csproj", "{03767FB4-C1C4-489D-B113-E127E1214695}"
EndProject
Project("{FAE04EC0-301F-11D3-BF4B-00C04F79EFBC}") = "QualityControl", "QualityControl\QualityControl.csproj", "{2DBBD73D-5EB6-41DE-9F76-4382B57412A1}"
EndProject
Project("{FAE04EC0-301F-11D3-BF4B-00C04F79EFBC}") = "FeatureMatchUpdate", "FeatureMatchUpdate\FeatureMatchUpdate.csproj", "{964AC892-E11B-46DA-B090-ABEB25DDEB44}"
EndProject
Project("{FAE04EC0-301F-11D3-BF4B-00C04F79EFBC}") = "TrustValueAndReputation", "TrustValueAndReputation\TrustValueAndReputation.csproj", "{7FD24A93-6DAC-4201-A569-E8AD8271D8E7}"
EndProject
Global
	GlobalSection(SolutionConfigurationPlatforms) = preSolution
		Debug|Any CPU = Debug|Any CPU
		Debug|Itanium = Debug|Itanium
		Debug|Mixed Platforms = Debug|Mixed Platforms
		Debug|x64 = Debug|x64
		Debug|x86 = Debug|x86
		Release|Any CPU = Release|Any CPU
		Release|Itanium = Release|Itanium
		Release|Mixed Platforms = Release|Mixed Platforms
		Release|x64 = Release|x64
		Release|x86 = Release|x86
	EndGlobalSection
	GlobalSection(ProjectConfigurationPlatforms) = postSolution
		{E098EF74-754C-4AB6-82A8-4D92713F489C}.Debug|Any CPU.ActiveCfg = Debug|x86
		{E098EF74-754C-4AB6-82A8-4D92713F489C}.Debug|Any CPU.Build.0 = Debug|x86
		{E098EF74-754C-4AB6-82A8-4D92713F489C}.Debug|Itanium.ActiveCfg = Debug|x64
		{E098EF74-754C-4AB6-82A8-4D92713F489C}.Debug|Mixed Platforms.ActiveCfg = Debug|x86
		{E098EF74-754C-4AB6-82A8-4D92713F489C}.Debug|Mixed Platforms.Build.0 = Debug|x86
		{E098EF74-754C-4AB6-82A8-4D92713F489C}.Debug|x64.ActiveCfg = Debug|x64
		{E098EF74-754C-4AB6-82A8-4D92713F489C}.Debug|x64.Build.0 = Debug|x64
		{E098EF74-754C-4AB6-82A8-4D92713F489C}.Debug|x86.ActiveCfg = Debug|x86
		{E098EF74-754C-4AB6-82A8-4D92713F489C}.Debug|x86.Build.0 = Debug|x86
		{E098EF74-754C-4AB6-82A8-4D92713F489C}.Release|Any CPU.ActiveCfg = Release|x86
		{E098EF74-754C-4AB6-82A8-4D92713F489C}.Release|Itanium.ActiveCfg = Release|x64
		{E098EF74-754C-4AB6-82A8-4D92713F489C}.Release|Mixed Platforms.ActiveCfg = Release|x86
		{E098EF74-754C-4AB6-82A8-4D92713F489C}.Release|Mixed Platforms.Build.0 = Release|x86
		{E098EF74-754C-4AB6-82A8-4D92713F489C}.Release|x64.ActiveCfg = Release|x64
		{E098EF74-754C-4AB6-82A8-4D92713F489C}.Release|x86.ActiveCfg = Release|x86
		{E098EF74-754C-4AB6-82A8-4D92713F489C}.Release|x86.Build.0 = Release|x86
		{037908BB-4E8D-4705-946F-1B522D676158}.Debug|Any CPU.ActiveCfg = Debug|x86
		{037908BB-4E8D-4705-946F-1B522D676158}.Debug|Any CPU.Build.0 = Debug|x86
		{037908BB-4E8D-4705-946F-1B522D676158}.Debug|Itanium.ActiveCfg = Debug|x64
		{037908BB-4E8D-4705-946F-1B522D676158}.Debug|Mixed Platforms.ActiveCfg = Debug|x86
		{037908BB-4E8D-4705-946F-1B522D676158}.Debug|Mixed Platforms.Build.0 = Debug|x86
		{037908BB-4E8D-4705-946F-1B522D676158}.Debug|x64.ActiveCfg = Debug|x64
		{037908BB-4E8D-4705-946F-1B522D676158}.Debug|x64.Build.0 = Debug|x64
		{037908BB-4E8D-4705-946F-1B522D676158}.Debug|x86.ActiveCfg = Debug|x86
		{037908BB-4E8D-4705-946F-1B522D676158}.Debug|x86.Build.0 = Debug|x86
		{037908BB-4E8D-4705-946F-1B522D676158}.Release|Any CPU.ActiveCfg = Release|x86
		{037908BB-4E8D-4705-946F-1B522D676158}.Release|Itanium.ActiveCfg = Release|x64
		{037908BB-4E8D-4705-946F-1B522D676158}.Release|Mixed Platforms.ActiveCfg = Release|x86
		{037908BB-4E8D-4705-946F-1B522D676158}.Release|Mixed Platforms.Build.0 = Release|x86
		{037908BB-4E8D-4705-946F-1B522D676158}.Release|x64.ActiveCfg = Release|x64
		{037908BB-4E8D-4705-946F-1B522D676158}.Release|x86.ActiveCfg = Release|x86
		{037908BB-4E8D-4705-946F-1B522D676158}.Release|x86.Build.0 = Release|x86
		{D1EC62A0-0601-440E-87BA-79CA0391F992}.Debug|Any CPU.ActiveCfg = Debug|x86
		{D1EC62A0-0601-440E-87BA-79CA0391F992}.Debug|Any CPU.Build.0 = Debug|x86
		{D1EC62A0-0601-440E-87BA-79CA0391F992}.Debug|Itanium.ActiveCfg = Debug|x64
		{D1EC62A0-0601-440E-87BA-79CA0391F992}.Debug|Mixed Platforms.ActiveCfg = Debug|x86
		{D1EC62A0-0601-440E-87BA-79CA0391F992}.Debug|Mixed Platforms.Build.0 = Debug|x86
		{D1EC62A0-0601-440E-87BA-79CA0391F992}.Debug|x64.ActiveCfg = Debug|x64
		{D1EC62A0-0601-440E-87BA-79CA0391F992}.Debug|x64.Build.0 = Debug|x64
		{D1EC62A0-0601-440E-87BA-79CA0391F992}.Debug|x86.ActiveCfg = Debug|x86
		{D1EC62A0-0601-440E-87BA-79CA0391F992}.Debug|x86.Build.0 = Debug|x86
		{D1EC62A0-0601-440E-87BA-79CA0391F992}.Release|Any CPU.ActiveCfg = Release|x86
		{D1EC62A0-0601-440E-87BA-79CA0391F992}.Release|Itanium.ActiveCfg = Release|x64
		{D1EC62A0-0601-440E-87BA-79CA0391F992}.Release|Mixed Platforms.ActiveCfg = Release|x86
		{D1EC62A0-0601-440E-87BA-79CA0391F992}.Release|Mixed Platforms.Build.0 = Release|x86
		{D1EC62A0-0601-440E-87BA-79CA0391F992}.Release|x64.ActiveCfg = Release|x64
		{D1EC62A0-0601-440E-87BA-79CA0391F992}.Release|x86.ActiveCfg = Release|x86
		{D1EC62A0-0601-440E-87BA-79CA0391F992}.Release|x86.Build.0 = Release|x86
		{91CEC9BF-462D-4B38-AA61-38F1F6F8FB72}.Debug|Any CPU.ActiveCfg = Debug|Any CPU
		{91CEC9BF-462D-4B38-AA61-38F1F6F8FB72}.Debug|Any CPU.Build.0 = Debug|Any CPU
		{91CEC9BF-462D-4B38-AA61-38F1F6F8FB72}.Debug|Itanium.ActiveCfg = Debug|x64
		{91CEC9BF-462D-4B38-AA61-38F1F6F8FB72}.Debug|Mixed Platforms.ActiveCfg = Debug|Any CPU
		{91CEC9BF-462D-4B38-AA61-38F1F6F8FB72}.Debug|Mixed Platforms.Build.0 = Debug|Any CPU
		{91CEC9BF-462D-4B38-AA61-38F1F6F8FB72}.Debug|x64.ActiveCfg = Debug|x64
		{91CEC9BF-462D-4B38-AA61-38F1F6F8FB72}.Debug|x64.Build.0 = Debug|x64
		{91CEC9BF-462D-4B38-AA61-38F1F6F8FB72}.Debug|x86.ActiveCfg = Debug|Any CPU
		{91CEC9BF-462D-4B38-AA61-38F1F6F8FB72}.Debug|x86.Build.0 = Debug|Any CPU
		{91CEC9BF-462D-4B38-AA61-38F1F6F8FB72}.Release|Any CPU.ActiveCfg = Release|Any CPU
		{91CEC9BF-462D-4B38-AA61-38F1F6F8FB72}.Release|Any CPU.Build.0 = Release|Any CPU
		{91CEC9BF-462D-4B38-AA61-38F1F6F8FB72}.Release|Itanium.ActiveCfg = Release|x64
		{91CEC9BF-462D-4B38-AA61-38F1F6F8FB72}.Release|Mixed Platforms.ActiveCfg = Release|Any CPU
		{91CEC9BF-462D-4B38-AA61-38F1F6F8FB72}.Release|Mixed Platforms.Build.0 = Release|Any CPU
		{91CEC9BF-462D-4B38-AA61-38F1F6F8FB72}.Release|x64.ActiveCfg = Release|x64
		{91CEC9BF-462D-4B38-AA61-38F1F6F8FB72}.Release|x64.Build.0 = Release|x64
		{91CEC9BF-462D-4B38-AA61-38F1F6F8FB72}.Release|x86.ActiveCfg = Release|Any CPU
		{0B14C763-A1C4-480B-B81A-506157ADFB0A}.Debug|Any CPU.ActiveCfg = Debug|Any CPU
		{0B14C763-A1C4-480B-B81A-506157ADFB0A}.Debug|Any CPU.Build.0 = Debug|Any CPU
		{0B14C763-A1C4-480B-B81A-506157ADFB0A}.Debug|Itanium.ActiveCfg = Debug|x64
		{0B14C763-A1C4-480B-B81A-506157ADFB0A}.Debug|Mixed Platforms.ActiveCfg = Debug|Any CPU
		{0B14C763-A1C4-480B-B81A-506157ADFB0A}.Debug|Mixed Platforms.Build.0 = Debug|Any CPU
		{0B14C763-A1C4-480B-B81A-506157ADFB0A}.Debug|x64.ActiveCfg = Debug|x64
		{0B14C763-A1C4-480B-B81A-506157ADFB0A}.Debug|x64.Build.0 = Debug|x64
		{0B14C763-A1C4-480B-B81A-506157ADFB0A}.Debug|x86.ActiveCfg = Debug|Any CPU
		{0B14C763-A1C4-480B-B81A-506157ADFB0A}.Debug|x86.Build.0 = Debug|Any CPU
		{0B14C763-A1C4-480B-B81A-506157ADFB0A}.Release|Any CPU.ActiveCfg = Release|Any CPU
		{0B14C763-A1C4-480B-B81A-506157ADFB0A}.Release|Any CPU.Build.0 = Release|Any CPU
		{0B14C763-A1C4-480B-B81A-506157ADFB0A}.Release|Itanium.ActiveCfg = Release|x64
		{0B14C763-A1C4-480B-B81A-506157ADFB0A}.Release|Mixed Platforms.ActiveCfg = Release|Any CPU
		{0B14C763-A1C4-480B-B81A-506157ADFB0A}.Release|Mixed Platforms.Build.0 = Release|Any CPU
		{0B14C763-A1C4-480B-B81A-506157ADFB0A}.Release|x64.ActiveCfg = Release|x64
		{0B14C763-A1C4-480B-B81A-506157ADFB0A}.Release|x64.Build.0 = Release|x64
		{0B14C763-A1C4-480B-B81A-506157ADFB0A}.Release|x86.ActiveCfg = Release|Any CPU
		{35184D32-CA28-452E-8F59-F08C88AD843C}.Debug|Any CPU.ActiveCfg = Debug|Any CPU
		{35184D32-CA28-452E-8F59-F08C88AD843C}.Debug|Any CPU.Build.0 = Debug|Any CPU
		{35184D32-CA28-452E-8F59-F08C88AD843C}.Debug|Itanium.ActiveCfg = Debug|Any CPU
		{35184D32-CA28-452E-8F59-F08C88AD843C}.Debug|Itanium.Build.0 = Debug|Any CPU
		{35184D32-CA28-452E-8F59-F08C88AD843C}.Debug|Mixed Platforms.ActiveCfg = Debug|Any CPU
		{35184D32-CA28-452E-8F59-F08C88AD843C}.Debug|Mixed Platforms.Build.0 = Debug|Any CPU
		{35184D32-CA28-452E-8F59-F08C88AD843C}.Debug|x64.ActiveCfg = Debug|Any CPU
		{35184D32-CA28-452E-8F59-F08C88AD843C}.Debug|x86.ActiveCfg = Debug|Any CPU
		{35184D32-CA28-452E-8F59-F08C88AD843C}.Debug|x86.Build.0 = Debug|Any CPU
		{35184D32-CA28-452E-8F59-F08C88AD843C}.Release|Any CPU.ActiveCfg = Release|Any CPU
		{35184D32-CA28-452E-8F59-F08C88AD843C}.Release|Any CPU.Build.0 = Release|Any CPU
		{35184D32-CA28-452E-8F59-F08C88AD843C}.Release|Itanium.ActiveCfg = Release|Any CPU
		{35184D32-CA28-452E-8F59-F08C88AD843C}.Release|Mixed Platforms.ActiveCfg = Release|Any CPU
		{35184D32-CA28-452E-8F59-F08C88AD843C}.Release|Mixed Platforms.Build.0 = Release|Any CPU
		{35184D32-CA28-452E-8F59-F08C88AD843C}.Release|x64.ActiveCfg = Release|Any CPU
		{35184D32-CA28-452E-8F59-F08C88AD843C}.Release|x86.ActiveCfg = Release|Any CPU
		{03767FB4-C1C4-489D-B113-E127E1214695}.Debug|Any CPU.ActiveCfg = Debug|Any CPU
		{03767FB4-C1C4-489D-B113-E127E1214695}.Debug|Any CPU.Build.0 = Debug|Any CPU
		{03767FB4-C1C4-489D-B113-E127E1214695}.Debug|Itanium.ActiveCfg = Debug|x64
		{03767FB4-C1C4-489D-B113-E127E1214695}.Debug|Mixed Platforms.ActiveCfg = Debug|Any CPU
		{03767FB4-C1C4-489D-B113-E127E1214695}.Debug|Mixed Platforms.Build.0 = Debug|Any CPU
		{03767FB4-C1C4-489D-B113-E127E1214695}.Debug|x64.ActiveCfg = Debug|x64
		{03767FB4-C1C4-489D-B113-E127E1214695}.Debug|x64.Build.0 = Debug|x64
		{03767FB4-C1C4-489D-B113-E127E1214695}.Debug|x86.ActiveCfg = Debug|Any CPU
		{03767FB4-C1C4-489D-B113-E127E1214695}.Debug|x86.Build.0 = Debug|Any CPU
		{03767FB4-C1C4-489D-B113-E127E1214695}.Release|Any CPU.ActiveCfg = Release|Any CPU
		{03767FB4-C1C4-489D-B113-E127E1214695}.Release|Any CPU.Build.0 = Release|Any CPU
		{03767FB4-C1C4-489D-B113-E127E1214695}.Release|Itanium.ActiveCfg = Release|x64
		{03767FB4-C1C4-489D-B113-E127E1214695}.Release|Mixed Platforms.ActiveCfg = Release|Any CPU
		{03767FB4-C1C4-489D-B113-E127E1214695}.Release|Mixed Platforms.Build.0 = Release|Any CPU
		{03767FB4-C1C4-489D-B113-E127E1214695}.Release|x64.ActiveCfg = Release|x64
		{03767FB4-C1C4-489D-B113-E127E1214695}.Release|x64.Build.0 = Release|x64
		{03767FB4-C1C4-489D-B113-E127E1214695}.Release|x86.ActiveCfg = Release|Any CPU
		{2DBBD73D-5EB6-41DE-9F76-4382B57412A1}.Debug|Any CPU.ActiveCfg = Debug|x86
		{2DBBD73D-5EB6-41DE-9F76-4382B57412A1}.Debug|Any CPU.Build.0 = Debug|x86
		{2DBBD73D-5EB6-41DE-9F76-4382B57412A1}.Debug|Itanium.ActiveCfg = Debug|x64
		{2DBBD73D-5EB6-41DE-9F76-4382B57412A1}.Debug|Mixed Platforms.ActiveCfg = Debug|x86
		{2DBBD73D-5EB6-41DE-9F76-4382B57412A1}.Debug|Mixed Platforms.Build.0 = Debug|x86
		{2DBBD73D-5EB6-41DE-9F76-4382B57412A1}.Debug|x64.ActiveCfg = Debug|x64
		{2DBBD73D-5EB6-41DE-9F76-4382B57412A1}.Debug|x64.Build.0 = Debug|x64
		{2DBBD73D-5EB6-41DE-9F76-4382B57412A1}.Debug|x86.ActiveCfg = Debug|x86
		{2DBBD73D-5EB6-41DE-9F76-4382B57412A1}.Debug|x86.Build.0 = Debug|x86
		{2DBBD73D-5EB6-41DE-9F76-4382B57412A1}.Release|Any CPU.ActiveCfg = Release|x86
		{2DBBD73D-5EB6-41DE-9F76-4382B57412A1}.Release|Itanium.ActiveCfg = Release|x64
		{2DBBD73D-5EB6-41DE-9F76-4382B57412A1}.Release|Mixed Platforms.ActiveCfg = Release|x86
		{2DBBD73D-5EB6-41DE-9F76-4382B57412A1}.Release|Mixed Platforms.Build.0 = Release|x86
		{2DBBD73D-5EB6-41DE-9F76-4382B57412A1}.Release|x64.ActiveCfg = Release|x64
		{2DBBD73D-5EB6-41DE-9F76-4382B57412A1}.Release|x86.ActiveCfg = Release|x86
		{2DBBD73D-5EB6-41DE-9F76-4382B57412A1}.Release|x86.Build.0 = Release|x86
		{964AC892-E11B-46DA-B090-ABEB25DDEB44}.Debug|Any CPU.ActiveCfg = Debug|Any CPU
		{964AC892-E11B-46DA-B090-ABEB25DDEB44}.Debug|Any CPU.Build.0 = Debug|Any CPU
		{964AC892-E11B-46DA-B090-ABEB25DDEB44}.Debug|Itanium.ActiveCfg = Debug|x64
		{964AC892-E11B-46DA-B090-ABEB25DDEB44}.Debug|Mixed Platforms.ActiveCfg = Debug|Any CPU
		{964AC892-E11B-46DA-B090-ABEB25DDEB44}.Debug|Mixed Platforms.Build.0 = Debug|Any CPU
		{964AC892-E11B-46DA-B090-ABEB25DDEB44}.Debug|x64.ActiveCfg = Debug|x64
		{964AC892-E11B-46DA-B090-ABEB25DDEB44}.Debug|x64.Build.0 = Debug|x64
		{964AC892-E11B-46DA-B090-ABEB25DDEB44}.Debug|x86.ActiveCfg = Debug|Any CPU
		{964AC892-E11B-46DA-B090-ABEB25DDEB44}.Debug|x86.Build.0 = Debug|Any CPU
		{964AC892-E11B-46DA-B090-ABEB25DDEB44}.Release|Any CPU.ActiveCfg = Release|Any CPU
		{964AC892-E11B-46DA-B090-ABEB25DDEB44}.Release|Any CPU.Build.0 = Release|Any CPU
		{964AC892-E11B-46DA-B090-ABEB25DDEB44}.Release|Itanium.ActiveCfg = Release|x64
		{964AC892-E11B-46DA-B090-ABEB25DDEB44}.Release|Mixed Platforms.ActiveCfg = Release|Any CPU
		{964AC892-E11B-46DA-B090-ABEB25DDEB44}.Release|Mixed Platforms.Build.0 = Release|Any CPU
		{964AC892-E11B-46DA-B090-ABEB25DDEB44}.Release|x64.ActiveCfg = Release|x64
		{964AC892-E11B-46DA-B090-ABEB25DDEB44}.Release|x64.Build.0 = Release|x64
		{964AC892-E11B-46DA-B090-ABEB25DDEB44}.Release|x86.ActiveCfg = Release|Any CPU
		{7FD24A93-6DAC-4201-A569-E8AD8271D8E7}.Debug|Any CPU.ActiveCfg = Debug|x86
		{7FD24A93-6DAC-4201-A569-E8AD8271D8E7}.Debug|Any CPU.Build.0 = Debug|x86
		{7FD24A93-6DAC-4201-A569-E8AD8271D8E7}.Debug|Itanium.ActiveCfg = Debug|x64
		{7FD24A93-6DAC-4201-A569-E8AD8271D8E7}.Debug|Mixed Platforms.ActiveCfg = Debug|x86
		{7FD24A93-6DAC-4201-A569-E8AD8271D8E7}.Debug|Mixed Platforms.Build.0 = Debug|x86
		{7FD24A93-6DAC-4201-A569-E8AD8271D8E7}.Debug|x64.ActiveCfg = Debug|x64
		{7FD24A93-6DAC-4201-A569-E8AD8271D8E7}.Debug|x64.Build.0 = Debug|x64
		{7FD24A93-6DAC-4201-A569-E8AD8271D8E7}.Debug|x86.ActiveCfg = Debug|x86
		{7FD24A93-6DAC-4201-A569-E8AD8271D8E7}.Debug|x86.Build.0 = Debug|x86
		{7FD24A93-6DAC-4201-A569-E8AD8271D8E7}.Release|Any CPU.ActiveCfg = Release|x86
		{7FD24A93-6DAC-4201-A569-E8AD8271D8E7}.Release|Itanium.ActiveCfg = Release|x64
		{7FD24A93-6DAC-4201-A569-E8AD8271D8E7}.Release|Mixed Platforms.ActiveCfg = Release|x86
		{7FD24A93-6DAC-4201-A569-E8AD8271D8E7}.Release|Mixed Platforms.Build.0 = Release|x86
		{7FD24A93-6DAC-4201-A569-E8AD8271D8E7}.Release|x64.ActiveCfg = Release|x64
		{7FD24A93-6DAC-4201-A569-E8AD8271D8E7}.Release|x86.ActiveCfg = Release|x86
		{7FD24A93-6DAC-4201-A569-E8AD8271D8E7}.Release|x86.Build.0 = Release|x86
	EndGlobalSection
	GlobalSection(SolutionProperties) = preSolution
		HideSolutionNode = FALSE
	EndGlobalSection
EndGlobal
